
Microsoft Visual Studio Solution File, Format Version 12.00
# Visual Studio Version 16
VisualStudioVersion = 16.0.30804.86
MinimumVisualStudioVersion = 10.0.40219.1
Project("{FAE04EC0-301F-11D3-BF4B-00C04F79EFBC}") = "ImplementasiOOP", "ImplementasiOOP.csproj", "{BE8532E9-0F05-478E-B4C2-13A18B930F20}"
EndProject
Global
	GlobalSection(SolutionConfigurationPlatforms) = preSolution
		Debug|Any CPU = Debug|Any CPU
		Release|Any CPU = Release|Any CPU
	EndGlobalSection
	GlobalSection(ProjectConfigurationPlatforms) = postSolution
		{BE8532E9-0F05-478E-B4C2-13A18B930F20}.Debug|Any CPU.ActiveCfg = Debug|Any CPU
		{BE8532E9-0F05-478E-B4C2-13A18B930F20}.Debug|Any CPU.Build.0 = Debug|Any CPU
		{BE8532E9-0F05-478E-B4C2-13A18B930F20}.Release|Any CPU.ActiveCfg = Release|Any CPU
		{BE8532E9-0F05-478E-B4C2-13A18B930F20}.Release|Any CPU.Build.0 = Release|Any CPU
	EndGlobalSection
	GlobalSection(SolutionProperties) = preSolution
		HideSolutionNode = FALSE
	EndGlobalSection
	GlobalSection(ExtensibilityGlobals) = postSolution
		SolutionGuid = {5E8029F3-523E-4FB1-89C8-73DA353166C1}
	EndGlobalSection
EndGlobal
